// !$*UTF8*$!
{
	archiveVersion = 1;
	classes = {
	};
	objectVersion = 56;
	objects = {

/* Begin PBXBuildFile section */
		6F00ECFE2C206EDE00CACC8C /* Study_Buddy_2_0App.swift in Sources */ = {isa = PBXBuildFile; fileRef = 6F00ECFD2C206EDE00CACC8C /* Study_Buddy_2_0App.swift */; };
		6F00ED002C206EDE00CACC8C /* ContentView.swift in Sources */ = {isa = PBXBuildFile; fileRef = 6F00ECFF2C206EDE00CACC8C /* ContentView.swift */; };
		6F00ED022C206EDF00CACC8C /* Assets.xcassets in Resources */ = {isa = PBXBuildFile; fileRef = 6F00ED012C206EDF00CACC8C /* Assets.xcassets */; };
		6F00ED052C206EDF00CACC8C /* Preview Assets.xcassets in Resources */ = {isa = PBXBuildFile; fileRef = 6F00ED042C206EDF00CACC8C /* Preview Assets.xcassets */; };
		6F00ED0F2C206EDF00CACC8C /* Study_Buddy_2_0Tests.swift in Sources */ = {isa = PBXBuildFile; fileRef = 6F00ED0E2C206EDF00CACC8C /* Study_Buddy_2_0Tests.swift */; };
		6F00ED192C206EDF00CACC8C /* Study_Buddy_2_0UITests.swift in Sources */ = {isa = PBXBuildFile; fileRef = 6F00ED182C206EDF00CACC8C /* Study_Buddy_2_0UITests.swift */; };
		6F00ED1B2C206EDF00CACC8C /* Study_Buddy_2_0UITestsLaunchTests.swift in Sources */ = {isa = PBXBuildFile; fileRef = 6F00ED1A2C206EDF00CACC8C /* Study_Buddy_2_0UITestsLaunchTests.swift */; };
		6F54640B2C25D589001C1C74 /* Config.swift in Sources */ = {isa = PBXBuildFile; fileRef = 6F54640A2C25D589001C1C74 /* Config.swift */; };
		6F54640D2C25D5BE001C1C74 /* AssistanceView.swift in Sources */ = {isa = PBXBuildFile; fileRef = 6F54640C2C25D5BE001C1C74 /* AssistanceView.swift */; };
		6F5464112C25D601001C1C74 /* OpenAIAPI.swift in Sources */ = {isa = PBXBuildFile; fileRef = 6F5464102C25D601001C1C74 /* OpenAIAPI.swift */; };
		6FB004022C2076A000D20648 /* ActiviesContentView.swift in Sources */ = {isa = PBXBuildFile; fileRef = 6FB004012C2076A000D20648 /* ActiviesContentView.swift */; };
		6FB004042C20771400D20648 /* PlaceDetailView.swift in Sources */ = {isa = PBXBuildFile; fileRef = 6FB004032C20771400D20648 /* PlaceDetailView.swift */; };
		6FB004062C2078BB00D20648 /* ActivitiesCartView.swift in Sources */ = {isa = PBXBuildFile; fileRef = 6FB004052C2078BB00D20648 /* ActivitiesCartView.swift */; };
		6FB004082C20795F00D20648 /* Launch Screen.storyboard in Resources */ = {isa = PBXBuildFile; fileRef = 6FB004072C20795F00D20648 /* Launch Screen.storyboard */; };
		6FB0040D2C207BDD00D20648 /* AccoutView.swift in Sources */ = {isa = PBXBuildFile; fileRef = 6FB0040C2C207BDD00D20648 /* AccoutView.swift */; };
		6FF710242C24613E00CAA4A1 /* ActivitiesMockStore.swift in Sources */ = {isa = PBXBuildFile; fileRef = 6FF710232C24613E00CAA4A1 /* ActivitiesMockStore.swift */; };
		6FF710262C24617E00CAA4A1 /* TabBarView.swift in Sources */ = {isa = PBXBuildFile; fileRef = 6FF710252C24617E00CAA4A1 /* TabBarView.swift */; };
		6FF710282C24629C00CAA4A1 /* UIScrollViewController.swift in Sources */ = {isa = PBXBuildFile; fileRef = 6FF710272C24629C00CAA4A1 /* UIScrollViewController.swift */; };
		6FF7102A2C2462F200CAA4A1 /* AppDelegate.swift in Sources */ = {isa = PBXBuildFile; fileRef = 6FF710292C2462F200CAA4A1 /* AppDelegate.swift */; };
		6FF7102C2C24630000CAA4A1 /* SceneDelegate.swift in Sources */ = {isa = PBXBuildFile; fileRef = 6FF7102B2C24630000CAA4A1 /* SceneDelegate.swift */; };
		6FF710302C24634400CAA4A1 /* BlurView.swift in Sources */ = {isa = PBXBuildFile; fileRef = 6FF7102F2C24634400CAA4A1 /* BlurView.swift */; };
		6FF710322C24635D00CAA4A1 /* LogInView.swift in Sources */ = {isa = PBXBuildFile; fileRef = 6FF710312C24635D00CAA4A1 /* LogInView.swift */; };
		6FF710342C24636C00CAA4A1 /* SignUpView.swift in Sources */ = {isa = PBXBuildFile; fileRef = 6FF710332C24636C00CAA4A1 /* SignUpView.swift */; };
/* End PBXBuildFile section */

/* Begin PBXContainerItemProxy section */
		6F00ED0B2C206EDF00CACC8C /* PBXContainerItemProxy */ = {
			isa = PBXContainerItemProxy;
			containerPortal = 6F00ECF22C206EDE00CACC8C /* Project object */;
			proxyType = 1;
			remoteGlobalIDString = 6F00ECF92C206EDE00CACC8C;
			remoteInfo = "Study Buddy 2.0";
		};
		6F00ED152C206EDF00CACC8C /* PBXContainerItemProxy */ = {
			isa = PBXContainerItemProxy;
			containerPortal = 6F00ECF22C206EDE00CACC8C /* Project object */;
			proxyType = 1;
			remoteGlobalIDString = 6F00ECF92C206EDE00CACC8C;
			remoteInfo = "Study Buddy 2.0";
		};
/* End PBXContainerItemProxy section */

/* Begin PBXFileReference section */
		6F00ECFA2C206EDE00CACC8C /* Study Buddy 2.0.app */ = {isa = PBXFileReference; explicitFileType = wrapper.application; includeInIndex = 0; path = "Study Buddy 2.0.app"; sourceTree = BUILT_PRODUCTS_DIR; };
		6F00ECFD2C206EDE00CACC8C /* Study_Buddy_2_0App.swift */ = {isa = PBXFileReference; lastKnownFileType = sourcecode.swift; path = Study_Buddy_2_0App.swift; sourceTree = "<group>"; };
		6F00ECFF2C206EDE00CACC8C /* ContentView.swift */ = {isa = PBXFileReference; lastKnownFileType = sourcecode.swift; path = ContentView.swift; sourceTree = "<group>"; };
		6F00ED012C206EDF00CACC8C /* Assets.xcassets */ = {isa = PBXFileReference; lastKnownFileType = folder.assetcatalog; path = Assets.xcassets; sourceTree = "<group>"; };
		6F00ED042C206EDF00CACC8C /* Preview Assets.xcassets */ = {isa = PBXFileReference; lastKnownFileType = folder.assetcatalog; path = "Preview Assets.xcassets"; sourceTree = "<group>"; };
		6F00ED0A2C206EDF00CACC8C /* Study Buddy 2.0Tests.xctest */ = {isa = PBXFileReference; explicitFileType = wrapper.cfbundle; includeInIndex = 0; path = "Study Buddy 2.0Tests.xctest"; sourceTree = BUILT_PRODUCTS_DIR; };
		6F00ED0E2C206EDF00CACC8C /* Study_Buddy_2_0Tests.swift */ = {isa = PBXFileReference; lastKnownFileType = sourcecode.swift; path = Study_Buddy_2_0Tests.swift; sourceTree = "<group>"; };
		6F00ED142C206EDF00CACC8C /* Study Buddy 2.0UITests.xctest */ = {isa = PBXFileReference; explicitFileType = wrapper.cfbundle; includeInIndex = 0; path = "Study Buddy 2.0UITests.xctest"; sourceTree = BUILT_PRODUCTS_DIR; };
		6F00ED182C206EDF00CACC8C /* Study_Buddy_2_0UITests.swift */ = {isa = PBXFileReference; lastKnownFileType = sourcecode.swift; path = Study_Buddy_2_0UITests.swift; sourceTree = "<group>"; };
		6F00ED1A2C206EDF00CACC8C /* Study_Buddy_2_0UITestsLaunchTests.swift */ = {isa = PBXFileReference; lastKnownFileType = sourcecode.swift; path = Study_Buddy_2_0UITestsLaunchTests.swift; sourceTree = "<group>"; };
		6F54640A2C25D589001C1C74 /* Config.swift */ = {isa = PBXFileReference; lastKnownFileType = sourcecode.swift; path = Config.swift; sourceTree = "<group>"; };
		6F54640C2C25D5BE001C1C74 /* AssistanceView.swift */ = {isa = PBXFileReference; lastKnownFileType = sourcecode.swift; path = AssistanceView.swift; sourceTree = "<group>"; };
		6F5464102C25D601001C1C74 /* OpenAIAPI.swift */ = {isa = PBXFileReference; lastKnownFileType = sourcecode.swift; path = OpenAIAPI.swift; sourceTree = "<group>"; };
		6FB004012C2076A000D20648 /* ActiviesContentView.swift */ = {isa = PBXFileReference; lastKnownFileType = sourcecode.swift; path = ActiviesContentView.swift; sourceTree = "<group>"; };
		6FB004032C20771400D20648 /* PlaceDetailView.swift */ = {isa = PBXFileReference; lastKnownFileType = sourcecode.swift; path = PlaceDetailView.swift; sourceTree = "<group>"; };
		6FB004052C2078BB00D20648 /* ActivitiesCartView.swift */ = {isa = PBXFileReference; lastKnownFileType = sourcecode.swift; path = ActivitiesCartView.swift; sourceTree = "<group>"; };
		6FB004072C20795F00D20648 /* Launch Screen.storyboard */ = {isa = PBXFileReference; fileEncoding = 4; lastKnownFileType = file.storyboard; path = "Launch Screen.storyboard"; sourceTree = "<group>"; };
		6FB0040C2C207BDD00D20648 /* AccoutView.swift */ = {isa = PBXFileReference; lastKnownFileType = sourcecode.swift; path = AccoutView.swift; sourceTree = "<group>"; };
		6FF710232C24613E00CAA4A1 /* ActivitiesMockStore.swift */ = {isa = PBXFileReference; lastKnownFileType = sourcecode.swift; path = ActivitiesMockStore.swift; sourceTree = "<group>"; };
		6FF710252C24617E00CAA4A1 /* TabBarView.swift */ = {isa = PBXFileReference; lastKnownFileType = sourcecode.swift; path = TabBarView.swift; sourceTree = "<group>"; };
		6FF710272C24629C00CAA4A1 /* UIScrollViewController.swift */ = {isa = PBXFileReference; lastKnownFileType = sourcecode.swift; path = UIScrollViewController.swift; sourceTree = "<group>"; };
		6FF710292C2462F200CAA4A1 /* AppDelegate.swift */ = {isa = PBXFileReference; lastKnownFileType = sourcecode.swift; path = AppDelegate.swift; sourceTree = "<group>"; };
		6FF7102B2C24630000CAA4A1 /* SceneDelegate.swift */ = {isa = PBXFileReference; lastKnownFileType = sourcecode.swift; path = SceneDelegate.swift; sourceTree = "<group>"; };
		6FF7102F2C24634400CAA4A1 /* BlurView.swift */ = {isa = PBXFileReference; lastKnownFileType = sourcecode.swift; path = BlurView.swift; sourceTree = "<group>"; };
		6FF710312C24635D00CAA4A1 /* LogInView.swift */ = {isa = PBXFileReference; lastKnownFileType = sourcecode.swift; path = LogInView.swift; sourceTree = "<group>"; };
		6FF710332C24636C00CAA4A1 /* SignUpView.swift */ = {isa = PBXFileReference; lastKnownFileType = sourcecode.swift; path = SignUpView.swift; sourceTree = "<group>"; };
/* End PBXFileReference section */

/* Begin PBXFrameworksBuildPhase section */
		6F00ECF72C206EDE00CACC8C /* Frameworks */ = {
			isa = PBXFrameworksBuildPhase;
			buildActionMask = 2147483647;
			files = (
			);
			runOnlyForDeploymentPostprocessing = 0;
		};
		6F00ED072C206EDF00CACC8C /* Frameworks */ = {
			isa = PBXFrameworksBuildPhase;
			buildActionMask = 2147483647;
			files = (
			);
			runOnlyForDeploymentPostprocessing = 0;
		};
		6F00ED112C206EDF00CACC8C /* Frameworks */ = {
			isa = PBXFrameworksBuildPhase;
			buildActionMask = 2147483647;
			files = (
			);
			runOnlyForDeploymentPostprocessing = 0;
		};
/* End PBXFrameworksBuildPhase section */

/* Begin PBXGroup section */
		6F00ECF12C206EDE00CACC8C = {
			isa = PBXGroup;
			children = (
				6F00ECFC2C206EDE00CACC8C /* Study Buddy 2.0 */,
				6F00ED0D2C206EDF00CACC8C /* Study Buddy 2.0Tests */,
				6F00ED172C206EDF00CACC8C /* Study Buddy 2.0UITests */,
				6F00ECFB2C206EDE00CACC8C /* Products */,
			);
			sourceTree = "<group>";
		};
		6F00ECFB2C206EDE00CACC8C /* Products */ = {
			isa = PBXGroup;
			children = (
				6F00ECFA2C206EDE00CACC8C /* Study Buddy 2.0.app */,
				6F00ED0A2C206EDF00CACC8C /* Study Buddy 2.0Tests.xctest */,
				6F00ED142C206EDF00CACC8C /* Study Buddy 2.0UITests.xctest */,
			);
			name = Products;
			sourceTree = "<group>";
		};
		6F00ECFC2C206EDE00CACC8C /* Study Buddy 2.0 */ = {
			isa = PBXGroup;
			children = (
				6F00ECFD2C206EDE00CACC8C /* Study_Buddy_2_0App.swift */,
				6FF710272C24629C00CAA4A1 /* UIScrollViewController.swift */,
				6FF710292C2462F200CAA4A1 /* AppDelegate.swift */,
				6F00ECFF2C206EDE00CACC8C /* ContentView.swift */,
				6FF7102B2C24630000CAA4A1 /* SceneDelegate.swift */,
				6FF710252C24617E00CAA4A1 /* TabBarView.swift */,
				6F54640A2C25D589001C1C74 /* Config.swift */,
				6F54640C2C25D5BE001C1C74 /* AssistanceView.swift */,
				6F5464102C25D601001C1C74 /* OpenAIAPI.swift */,
				6FB0040C2C207BDD00D20648 /* AccoutView.swift */,
				6FB004012C2076A000D20648 /* ActiviesContentView.swift */,
				6FB004032C20771400D20648 /* PlaceDetailView.swift */,
				6FF7102F2C24634400CAA4A1 /* BlurView.swift */,
				6FB004052C2078BB00D20648 /* ActivitiesCartView.swift */,
				6FF710312C24635D00CAA4A1 /* LogInView.swift */,
				6FF710232C24613E00CAA4A1 /* ActivitiesMockStore.swift */,
				6FF710332C24636C00CAA4A1 /* SignUpView.swift */,
				6F00ED012C206EDF00CACC8C /* Assets.xcassets */,
				6FB004072C20795F00D20648 /* Launch Screen.storyboard */,
				6F00ED032C206EDF00CACC8C /* Preview Content */,
			);
			path = "Study Buddy 2.0";
			sourceTree = "<group>";
		};
		6F00ED032C206EDF00CACC8C /* Preview Content */ = {
			isa = PBXGroup;
			children = (
				6F00ED042C206EDF00CACC8C /* Preview Assets.xcassets */,
			);
			path = "Preview Content";
			sourceTree = "<group>";
		};
		6F00ED0D2C206EDF00CACC8C /* Study Buddy 2.0Tests */ = {
			isa = PBXGroup;
			children = (
				6F00ED0E2C206EDF00CACC8C /* Study_Buddy_2_0Tests.swift */,
			);
			path = "Study Buddy 2.0Tests";
			sourceTree = "<group>";
		};
		6F00ED172C206EDF00CACC8C /* Study Buddy 2.0UITests */ = {
			isa = PBXGroup;
			children = (
				6F00ED182C206EDF00CACC8C /* Study_Buddy_2_0UITests.swift */,
				6F00ED1A2C206EDF00CACC8C /* Study_Buddy_2_0UITestsLaunchTests.swift */,
			);
			path = "Study Buddy 2.0UITests";
			sourceTree = "<group>";
		};
/* End PBXGroup section */

/* Begin PBXNativeTarget section */
		6F00ECF92C206EDE00CACC8C /* Study Buddy 2.0 */ = {
			isa = PBXNativeTarget;
			buildConfigurationList = 6F00ED1E2C206EDF00CACC8C /* Build configuration list for PBXNativeTarget "Study Buddy 2.0" */;
			buildPhases = (
				6F00ECF62C206EDE00CACC8C /* Sources */,
				6F00ECF72C206EDE00CACC8C /* Frameworks */,
				6F00ECF82C206EDE00CACC8C /* Resources */,
			);
			buildRules = (
			);
			dependencies = (
			);
			name = "Study Buddy 2.0";
			productName = "Study Buddy 2.0";
			productReference = 6F00ECFA2C206EDE00CACC8C /* Study Buddy 2.0.app */;
			productType = "com.apple.product-type.application";
		};
		6F00ED092C206EDF00CACC8C /* Study Buddy 2.0Tests */ = {
			isa = PBXNativeTarget;
			buildConfigurationList = 6F00ED212C206EDF00CACC8C /* Build configuration list for PBXNativeTarget "Study Buddy 2.0Tests" */;
			buildPhases = (
				6F00ED062C206EDF00CACC8C /* Sources */,
				6F00ED072C206EDF00CACC8C /* Frameworks */,
				6F00ED082C206EDF00CACC8C /* Resources */,
			);
			buildRules = (
			);
			dependencies = (
				6F00ED0C2C206EDF00CACC8C /* PBXTargetDependency */,
			);
			name = "Study Buddy 2.0Tests";
			productName = "Study Buddy 2.0Tests";
			productReference = 6F00ED0A2C206EDF00CACC8C /* Study Buddy 2.0Tests.xctest */;
			productType = "com.apple.product-type.bundle.unit-test";
		};
		6F00ED132C206EDF00CACC8C /* Study Buddy 2.0UITests */ = {
			isa = PBXNativeTarget;
			buildConfigurationList = 6F00ED242C206EDF00CACC8C /* Build configuration list for PBXNativeTarget "Study Buddy 2.0UITests" */;
			buildPhases = (
				6F00ED102C206EDF00CACC8C /* Sources */,
				6F00ED112C206EDF00CACC8C /* Frameworks */,
				6F00ED122C206EDF00CACC8C /* Resources */,
			);
			buildRules = (
			);
			dependencies = (
				6F00ED162C206EDF00CACC8C /* PBXTargetDependency */,
			);
			name = "Study Buddy 2.0UITests";
			productName = "Study Buddy 2.0UITests";
			productReference = 6F00ED142C206EDF00CACC8C /* Study Buddy 2.0UITests.xctest */;
			productType = "com.apple.product-type.bundle.ui-testing";
		};
/* End PBXNativeTarget section */

/* Begin PBXProject section */
		6F00ECF22C206EDE00CACC8C /* Project object */ = {
			isa = PBXProject;
			attributes = {
				BuildIndependentTargetsInParallel = 1;
				LastSwiftUpdateCheck = 1500;
				LastUpgradeCheck = 1500;
				TargetAttributes = {
					6F00ECF92C206EDE00CACC8C = {
						CreatedOnToolsVersion = 15.0;
					};
					6F00ED092C206EDF00CACC8C = {
						CreatedOnToolsVersion = 15.0;
						TestTargetID = 6F00ECF92C206EDE00CACC8C;
					};
					6F00ED132C206EDF00CACC8C = {
						CreatedOnToolsVersion = 15.0;
						TestTargetID = 6F00ECF92C206EDE00CACC8C;
					};
				};
			};
			buildConfigurationList = 6F00ECF52C206EDE00CACC8C /* Build configuration list for PBXProject "Study Buddy 2.0" */;
			compatibilityVersion = "Xcode 14.0";
			developmentRegion = en;
			hasScannedForEncodings = 0;
			knownRegions = (
				en,
				Base,
			);
			mainGroup = 6F00ECF12C206EDE00CACC8C;
			packageReferences = (
				6FB0040B2C207B0000D20648 /* XCRemoteSwiftPackageReference "firebase-ios-sdk" */,
				6FB0040E2C207D4F00D20648 /* XCRemoteSwiftPackageReference "ChatGPTSwift" */,
			);
			productRefGroup = 6F00ECFB2C206EDE00CACC8C /* Products */;
			projectDirPath = "";
			projectRoot = "";
			targets = (
				6F00ECF92C206EDE00CACC8C /* Study Buddy 2.0 */,
				6F00ED092C206EDF00CACC8C /* Study Buddy 2.0Tests */,
				6F00ED132C206EDF00CACC8C /* Study Buddy 2.0UITests */,
			);
		};
/* End PBXProject section */

/* Begin PBXResourcesBuildPhase section */
		6F00ECF82C206EDE00CACC8C /* Resources */ = {
			isa = PBXResourcesBuildPhase;
			buildActionMask = 2147483647;
			files = (
				6FB004082C20795F00D20648 /* Launch Screen.storyboard in Resources */,
				6F00ED052C206EDF00CACC8C /* Preview Assets.xcassets in Resources */,
				6F00ED022C206EDF00CACC8C /* Assets.xcassets in Resources */,
			);
			runOnlyForDeploymentPostprocessing = 0;
		};
		6F00ED082C206EDF00CACC8C /* Resources */ = {
			isa = PBXResourcesBuildPhase;
			buildActionMask = 2147483647;
			files = (
			);
			runOnlyForDeploymentPostprocessing = 0;
		};
		6F00ED122C206EDF00CACC8C /* Resources */ = {
			isa = PBXResourcesBuildPhase;
			buildActionMask = 2147483647;
			files = (
			);
			runOnlyForDeploymentPostprocessing = 0;
		};
/* End PBXResourcesBuildPhase section */

/* Begin PBXSourcesBuildPhase section */
		6F00ECF62C206EDE00CACC8C /* Sources */ = {
			isa = PBXSourcesBuildPhase;
			buildActionMask = 2147483647;
			files = (
				6FF7102A2C2462F200CAA4A1 /* AppDelegate.swift in Sources */,
				6FF710342C24636C00CAA4A1 /* SignUpView.swift in Sources */,
				6F54640B2C25D589001C1C74 /* Config.swift in Sources */,
				6FF710242C24613E00CAA4A1 /* ActivitiesMockStore.swift in Sources */,
				6FF710262C24617E00CAA4A1 /* TabBarView.swift in Sources */,
				6FB004042C20771400D20648 /* PlaceDetailView.swift in Sources */,
				6FB004062C2078BB00D20648 /* ActivitiesCartView.swift in Sources */,
				6FF710282C24629C00CAA4A1 /* UIScrollViewController.swift in Sources */,
				6F54640D2C25D5BE001C1C74 /* AssistanceView.swift in Sources */,
				6F00ED002C206EDE00CACC8C /* ContentView.swift in Sources */,
				6FF710322C24635D00CAA4A1 /* LogInView.swift in Sources */,
				6FB004022C2076A000D20648 /* ActiviesContentView.swift in Sources */,
				6FF710302C24634400CAA4A1 /* BlurView.swift in Sources */,
				6F00ECFE2C206EDE00CACC8C /* Study_Buddy_2_0App.swift in Sources */,
				6FB0040D2C207BDD00D20648 /* AccoutView.swift in Sources */,
				6FF7102C2C24630000CAA4A1 /* SceneDelegate.swift in Sources */,
				6F5464112C25D601001C1C74 /* OpenAIAPI.swift in Sources */,
			);
			runOnlyForDeploymentPostprocessing = 0;
		};
		6F00ED062C206EDF00CACC8C /* Sources */ = {
			isa = PBXSourcesBuildPhase;
			buildActionMask = 2147483647;
			files = (
				6F00ED0F2C206EDF00CACC8C /* Study_Buddy_2_0Tests.swift in Sources */,
			);
			runOnlyForDeploymentPostprocessing = 0;
		};
		6F00ED102C206EDF00CACC8C /* Sources */ = {
			isa = PBXSourcesBuildPhase;
			buildActionMask = 2147483647;
			files = (
				6F00ED192C206EDF00CACC8C /* Study_Buddy_2_0UITests.swift in Sources */,
				6F00ED1B2C206EDF00CACC8C /* Study_Buddy_2_0UITestsLaunchTests.swift in Sources */,
			);
			runOnlyForDeploymentPostprocessing = 0;
		};
/* End PBXSourcesBuildPhase section */

/* Begin PBXTargetDependency section */
		6F00ED0C2C206EDF00CACC8C /* PBXTargetDependency */ = {
			isa = PBXTargetDependency;
			target = 6F00ECF92C206EDE00CACC8C /* Study Buddy 2.0 */;
			targetProxy = 6F00ED0B2C206EDF00CACC8C /* PBXContainerItemProxy */;
		};
		6F00ED162C206EDF00CACC8C /* PBXTargetDependency */ = {
			isa = PBXTargetDependency;
			target = 6F00ECF92C206EDE00CACC8C /* Study Buddy 2.0 */;
			targetProxy = 6F00ED152C206EDF00CACC8C /* PBXContainerItemProxy */;
		};
/* End PBXTargetDependency section */

/* Begin XCBuildConfiguration section */
		6F00ED1C2C206EDF00CACC8C /* Debug */ = {
			isa = XCBuildConfiguration;
			buildSettings = {
				ALWAYS_SEARCH_USER_PATHS = NO;
				ASSETCATALOG_COMPILER_GENERATE_SWIFT_ASSET_SYMBOL_EXTENSIONS = YES;
				CLANG_ANALYZER_NONNULL = YES;
				CLANG_ANALYZER_NUMBER_OBJECT_CONVERSION = YES_AGGRESSIVE;
				CLANG_CXX_LANGUAGE_STANDARD = "gnu++20";
				CLANG_ENABLE_MODULES = YES;
				CLANG_ENABLE_OBJC_ARC = YES;
				CLANG_ENABLE_OBJC_WEAK = YES;
				CLANG_WARN_BLOCK_CAPTURE_AUTORELEASING = YES;
				CLANG_WARN_BOOL_CONVERSION = YES;
				CLANG_WARN_COMMA = YES;
				CLANG_WARN_CONSTANT_CONVERSION = YES;
				CLANG_WARN_DEPRECATED_OBJC_IMPLEMENTATIONS = YES;
				CLANG_WARN_DIRECT_OBJC_ISA_USAGE = YES_ERROR;
				CLANG_WARN_DOCUMENTATION_COMMENTS = YES;
				CLANG_WARN_EMPTY_BODY = YES;
				CLANG_WARN_ENUM_CONVERSION = YES;
				CLANG_WARN_INFINITE_RECURSION = YES;
				CLANG_WARN_INT_CONVERSION = YES;
				CLANG_WARN_NON_LITERAL_NULL_CONVERSION = YES;
				CLANG_WARN_OBJC_IMPLICIT_RETAIN_SELF = YES;
				CLANG_WARN_OBJC_LITERAL_CONVERSION = YES;
				CLANG_WARN_OBJC_ROOT_CLASS = YES_ERROR;
				CLANG_WARN_QUOTED_INCLUDE_IN_FRAMEWORK_HEADER = YES;
				CLANG_WARN_RANGE_LOOP_ANALYSIS = YES;
				CLANG_WARN_STRICT_PROTOTYPES = YES;
				CLANG_WARN_SUSPICIOUS_MOVE = YES;
				CLANG_WARN_UNGUARDED_AVAILABILITY = YES_AGGRESSIVE;
				CLANG_WARN_UNREACHABLE_CODE = YES;
				CLANG_WARN__DUPLICATE_METHOD_MATCH = YES;
				COPY_PHASE_STRIP = NO;
				DEBUG_INFORMATION_FORMAT = dwarf;
				ENABLE_STRICT_OBJC_MSGSEND = YES;
				ENABLE_TESTABILITY = YES;
				ENABLE_USER_SCRIPT_SANDBOXING = YES;
				GCC_C_LANGUAGE_STANDARD = gnu17;
				GCC_DYNAMIC_NO_PIC = NO;
				GCC_NO_COMMON_BLOCKS = YES;
				GCC_OPTIMIZATION_LEVEL = 0;
				GCC_PREPROCESSOR_DEFINITIONS = (
					"DEBUG=1",
					"$(inherited)",
				);
				GCC_WARN_64_TO_32_BIT_CONVERSION = YES;
				GCC_WARN_ABOUT_RETURN_TYPE = YES_ERROR;
				GCC_WARN_UNDECLARED_SELECTOR = YES;
				GCC_WARN_UNINITIALIZED_AUTOS = YES_AGGRESSIVE;
				GCC_WARN_UNUSED_FUNCTION = YES;
				GCC_WARN_UNUSED_VARIABLE = YES;
				IPHONEOS_DEPLOYMENT_TARGET = 17.0;
				LOCALIZATION_PREFERS_STRING_CATALOGS = YES;
				MTL_ENABLE_DEBUG_INFO = INCLUDE_SOURCE;
				MTL_FAST_MATH = YES;
				ONLY_ACTIVE_ARCH = YES;
				SDKROOT = iphoneos;
				SWIFT_ACTIVE_COMPILATION_CONDITIONS = "DEBUG $(inherited)";
				SWIFT_OPTIMIZATION_LEVEL = "-Onone";
			};
			name = Debug;
		};
		6F00ED1D2C206EDF00CACC8C /* Release */ = {
			isa = XCBuildConfiguration;
			buildSettings = {
				ALWAYS_SEARCH_USER_PATHS = NO;
				ASSETCATALOG_COMPILER_GENERATE_SWIFT_ASSET_SYMBOL_EXTENSIONS = YES;
				CLANG_ANALYZER_NONNULL = YES;
				CLANG_ANALYZER_NUMBER_OBJECT_CONVERSION = YES_AGGRESSIVE;
				CLANG_CXX_LANGUAGE_STANDARD = "gnu++20";
				CLANG_ENABLE_MODULES = YES;
				CLANG_ENABLE_OBJC_ARC = YES;
				CLANG_ENABLE_OBJC_WEAK = YES;
				CLANG_WARN_BLOCK_CAPTURE_AUTORELEASING = YES;
				CLANG_WARN_BOOL_CONVERSION = YES;
				CLANG_WARN_COMMA = YES;
				CLANG_WARN_CONSTANT_CONVERSION = YES;
				CLANG_WARN_DEPRECATED_OBJC_IMPLEMENTATIONS = YES;
				CLANG_WARN_DIRECT_OBJC_ISA_USAGE = YES_ERROR;
				CLANG_WARN_DOCUMENTATION_COMMENTS = YES;
				CLANG_WARN_EMPTY_BODY = YES;
				CLANG_WARN_ENUM_CONVERSION = YES;
				CLANG_WARN_INFINITE_RECURSION = YES;
				CLANG_WARN_INT_CONVERSION = YES;
				CLANG_WARN_NON_LITERAL_NULL_CONVERSION = YES;
				CLANG_WARN_OBJC_IMPLICIT_RETAIN_SELF = YES;
				CLANG_WARN_OBJC_LITERAL_CONVERSION = YES;
				CLANG_WARN_OBJC_ROOT_CLASS = YES_ERROR;
				CLANG_WARN_QUOTED_INCLUDE_IN_FRAMEWORK_HEADER = YES;
				CLANG_WARN_RANGE_LOOP_ANALYSIS = YES;
				CLANG_WARN_STRICT_PROTOTYPES = YES;
				CLANG_WARN_SUSPICIOUS_MOVE = YES;
				CLANG_WARN_UNGUARDED_AVAILABILITY = YES_AGGRESSIVE;
				CLANG_WARN_UNREACHABLE_CODE = YES;
				CLANG_WARN__DUPLICATE_METHOD_MATCH = YES;
				COPY_PHASE_STRIP = NO;
				DEBUG_INFORMATION_FORMAT = "dwarf-with-dsym";
				ENABLE_NS_ASSERTIONS = NO;
				ENABLE_STRICT_OBJC_MSGSEND = YES;
				ENABLE_USER_SCRIPT_SANDBOXING = YES;
				GCC_C_LANGUAGE_STANDARD = gnu17;
				GCC_NO_COMMON_BLOCKS = YES;
				GCC_WARN_64_TO_32_BIT_CONVERSION = YES;
				GCC_WARN_ABOUT_RETURN_TYPE = YES_ERROR;
				GCC_WARN_UNDECLARED_SELECTOR = YES;
				GCC_WARN_UNINITIALIZED_AUTOS = YES_AGGRESSIVE;
				GCC_WARN_UNUSED_FUNCTION = YES;
				GCC_WARN_UNUSED_VARIABLE = YES;
				IPHONEOS_DEPLOYMENT_TARGET = 17.0;
				LOCALIZATION_PREFERS_STRING_CATALOGS = YES;
				MTL_ENABLE_DEBUG_INFO = NO;
				MTL_FAST_MATH = YES;
				SDKROOT = iphoneos;
				SWIFT_COMPILATION_MODE = wholemodule;
				VALIDATE_PRODUCT = YES;
			};
			name = Release;
		};
		6F00ED1F2C206EDF00CACC8C /* Debug */ = {
			isa = XCBuildConfiguration;
			buildSettings = {
				ASSETCATALOG_COMPILER_APPICON_NAME = AppIcon;
				ASSETCATALOG_COMPILER_GLOBAL_ACCENT_COLOR_NAME = AccentColor;
				CODE_SIGN_STYLE = Automatic;
				CURRENT_PROJECT_VERSION = 1;
				DEVELOPMENT_ASSET_PATHS = "\"Study Buddy 2.0/Preview Content\"";
				DEVELOPMENT_TEAM = 327T2KRZZ5;
				ENABLE_PREVIEWS = YES;
				GENERATE_INFOPLIST_FILE = YES;
				INFOPLIST_KEY_CFBundleDisplayName = "Study-Buddy";
				INFOPLIST_KEY_UIApplicationSceneManifest_Generation = YES;
				INFOPLIST_KEY_UIApplicationSupportsIndirectInputEvents = YES;
				INFOPLIST_KEY_UILaunchScreen_Generation = YES;
				INFOPLIST_KEY_UISupportedInterfaceOrientations_iPad = "UIInterfaceOrientationPortrait UIInterfaceOrientationPortraitUpsideDown UIInterfaceOrientationLandscapeLeft UIInterfaceOrientationLandscapeRight";
				INFOPLIST_KEY_UISupportedInterfaceOrientations_iPhone = "UIInterfaceOrientationPortrait UIInterfaceOrientationLandscapeLeft UIInterfaceOrientationLandscapeRight";
				LD_RUNPATH_SEARCH_PATHS = (
					"$(inherited)",
					"@executable_path/Frameworks",
				);
				MARKETING_VERSION = 1.0;
				NEW_SETTING = "";
				PRODUCT_BUNDLE_IDENTIFIER = "com.studybuddy.Study-Buddy-2-0";
				PRODUCT_NAME = "$(TARGET_NAME)";
				SWIFT_EMIT_LOC_STRINGS = YES;
				SWIFT_VERSION = 5.0;
				TARGETED_DEVICE_FAMILY = "1,2";
			};
			name = Debug;
		};
		6F00ED202C206EDF00CACC8C /* Release */ = {
			isa = XCBuildConfiguration;
			buildSettings = {
				ASSETCATALOG_COMPILER_APPICON_NAME = AppIcon;
				ASSETCATALOG_COMPILER_GLOBAL_ACCENT_COLOR_NAME = AccentColor;
				CODE_SIGN_STYLE = Automatic;
				CURRENT_PROJECT_VERSION = 1;
				DEVELOPMENT_ASSET_PATHS = "\"Study Buddy 2.0/Preview Content\"";
				DEVELOPMENT_TEAM = 327T2KRZZ5;
				ENABLE_PREVIEWS = YES;
				GENERATE_INFOPLIST_FILE = YES;
				INFOPLIST_KEY_CFBundleDisplayName = "Study-Buddy";
				INFOPLIST_KEY_UIApplicationSceneManifest_Generation = YES;
				INFOPLIST_KEY_UIApplicationSupportsIndirectInputEvents = YES;
				INFOPLIST_KEY_UILaunchScreen_Generation = YES;
				INFOPLIST_KEY_UISupportedInterfaceOrientations_iPad = "UIInterfaceOrientationPortrait UIInterfaceOrientationPortraitUpsideDown UIInterfaceOrientationLandscapeLeft UIInterfaceOrientationLandscapeRight";
				INFOPLIST_KEY_UISupportedInterfaceOrientations_iPhone = "UIInterfaceOrientationPortrait UIInterfaceOrientationLandscapeLeft UIInterfaceOrientationLandscapeRight";
				LD_RUNPATH_SEARCH_PATHS = (
					"$(inherited)",
					"@executable_path/Frameworks",
				);
				MARKETING_VERSION = 1.0;
				NEW_SETTING = "";
				PRODUCT_BUNDLE_IDENTIFIER = "com.studybuddy.Study-Buddy-2-0";
				PRODUCT_NAME = "$(TARGET_NAME)";
				SWIFT_EMIT_LOC_STRINGS = YES;
				SWIFT_VERSION = 5.0;
				TARGETED_DEVICE_FAMILY = "1,2";
			};
			name = Release;
		};
		6F00ED222C206EDF00CACC8C /* Debug */ = {
			isa = XCBuildConfiguration;
			buildSettings = {
				ALWAYS_EMBED_SWIFT_STANDARD_LIBRARIES = YES;
				BUNDLE_LOADER = "$(TEST_HOST)";
				CODE_SIGN_STYLE = Automatic;
				CURRENT_PROJECT_VERSION = 1;
				DEVELOPMENT_TEAM = 327T2KRZZ5;
				GENERATE_INFOPLIST_FILE = YES;
				IPHONEOS_DEPLOYMENT_TARGET = 17.0;
				MARKETING_VERSION = 1.0;
				PRODUCT_BUNDLE_IDENTIFIER = "com.studybuddy.Study-Buddy-2-0Tests";
				PRODUCT_NAME = "$(TARGET_NAME)";
				SWIFT_EMIT_LOC_STRINGS = NO;
				SWIFT_VERSION = 5.0;
				TARGETED_DEVICE_FAMILY = "1,2";
				TEST_HOST = "$(BUILT_PRODUCTS_DIR)/Study Buddy 2.0.app/$(BUNDLE_EXECUTABLE_FOLDER_PATH)/Study Buddy 2.0";
			};
			name = Debug;
		};
		6F00ED232C206EDF00CACC8C /* Release */ = {
			isa = XCBuildConfiguration;
			buildSettings = {
				ALWAYS_EMBED_SWIFT_STANDARD_LIBRARIES = YES;
				BUNDLE_LOADER = "$(TEST_HOST)";
				CODE_SIGN_STYLE = Automatic;
				CURRENT_PROJECT_VERSION = 1;
				DEVELOPMENT_TEAM = 327T2KRZZ5;
				GENERATE_INFOPLIST_FILE = YES;
				IPHONEOS_DEPLOYMENT_TARGET = 17.0;
				MARKETING_VERSION = 1.0;
				PRODUCT_BUNDLE_IDENTIFIER = "com.studybuddy.Study-Buddy-2-0Tests";
				PRODUCT_NAME = "$(TARGET_NAME)";
				SWIFT_EMIT_LOC_STRINGS = NO;
				SWIFT_VERSION = 5.0;
				TARGETED_DEVICE_FAMILY = "1,2";
				TEST_HOST = "$(BUILT_PRODUCTS_DIR)/Study Buddy 2.0.app/$(BUNDLE_EXECUTABLE_FOLDER_PATH)/Study Buddy 2.0";
			};
			name = Release;
		};
		6F00ED252C206EDF00CACC8C /* Debug */ = {
			isa = XCBuildConfiguration;
			buildSettings = {
				ALWAYS_EMBED_SWIFT_STANDARD_LIBRARIES = YES;
				CODE_SIGN_STYLE = Automatic;
				CURRENT_PROJECT_VERSION = 1;
				DEVELOPMENT_TEAM = 327T2KRZZ5;
				GENERATE_INFOPLIST_FILE = YES;
				MARKETING_VERSION = 1.0;
				PRODUCT_BUNDLE_IDENTIFIER = "com.studybuddy.Study-Buddy-2-0UITests";
				PRODUCT_NAME = "$(TARGET_NAME)";
				SWIFT_EMIT_LOC_STRINGS = NO;
				SWIFT_VERSION = 5.0;
				TARGETED_DEVICE_FAMILY = "1,2";
				TEST_TARGET_NAME = "Study Buddy 2.0";
			};
			name = Debug;
		};
		6F00ED262C206EDF00CACC8C /* Release */ = {
			isa = XCBuildConfiguration;
			buildSettings = {
				ALWAYS_EMBED_SWIFT_STANDARD_LIBRARIES = YES;
				CODE_SIGN_STYLE = Automatic;
				CURRENT_PROJECT_VERSION = 1;
				DEVELOPMENT_TEAM = 327T2KRZZ5;
				GENERATE_INFOPLIST_FILE = YES;
				MARKETING_VERSION = 1.0;
				PRODUCT_BUNDLE_IDENTIFIER = "com.studybuddy.Study-Buddy-2-0UITests";
				PRODUCT_NAME = "$(TARGET_NAME)";
				SWIFT_EMIT_LOC_STRINGS = NO;
				SWIFT_VERSION = 5.0;
				TARGETED_DEVICE_FAMILY = "1,2";
				TEST_TARGET_NAME = "Study Buddy 2.0";
			};
			name = Release;
		};
/* End XCBuildConfiguration section */

/* Begin XCConfigurationList section */
		6F00ECF52C206EDE00CACC8C /* Build configuration list for PBXProject "Study Buddy 2.0" */ = {
			isa = XCConfigurationList;
			buildConfigurations = (
				6F00ED1C2C206EDF00CACC8C /* Debug */,
				6F00ED1D2C206EDF00CACC8C /* Release */,
			);
			defaultConfigurationIsVisible = 0;
			defaultConfigurationName = Release;
		};
		6F00ED1E2C206EDF00CACC8C /* Build configuration list for PBXNativeTarget "Study Buddy 2.0" */ = {
			isa = XCConfigurationList;
			buildConfigurations = (
				6F00ED1F2C206EDF00CACC8C /* Debug */,
				6F00ED202C206EDF00CACC8C /* Release */,
			);
			defaultConfigurationIsVisible = 0;
			defaultConfigurationName = Release;
		};
		6F00ED212C206EDF00CACC8C /* Build configuration list for PBXNativeTarget "Study Buddy 2.0Tests" */ = {
			isa = XCConfigurationList;
			buildConfigurations = (
				6F00ED222C206EDF00CACC8C /* Debug */,
				6F00ED232C206EDF00CACC8C /* Release */,
			);
			defaultConfigurationIsVisible = 0;
			defaultConfigurationName = Release;
		};
		6F00ED242C206EDF00CACC8C /* Build configuration list for PBXNativeTarget "Study Buddy 2.0UITests" */ = {
			isa = XCConfigurationList;
			buildConfigurations = (
				6F00ED252C206EDF00CACC8C /* Debug */,
				6F00ED262C206EDF00CACC8C /* Release */,
			);
			defaultConfigurationIsVisible = 0;
			defaultConfigurationName = Release;
		};
/* End XCConfigurationList section */

/* Begin XCRemoteSwiftPackageReference section */
		6FB0040B2C207B0000D20648 /* XCRemoteSwiftPackageReference "firebase-ios-sdk" */ = {
			isa = XCRemoteSwiftPackageReference;
			repositoryURL = "https://github.com/firebase/firebase-ios-sdk";
			requirement = {
				kind = upToNextMajorVersion;
				minimumVersion = 10.27.0;
			};
		};
		6FB0040E2C207D4F00D20648 /* XCRemoteSwiftPackageReference "ChatGPTSwift" */ = {
			isa = XCRemoteSwiftPackageReference;
			repositoryURL = "https://github.com/alfianlosari/ChatGPTSwift.git";
			requirement = {
				kind = upToNextMajorVersion;
				minimumVersion = 2.3.1;
			};
		};
/* End XCRemoteSwiftPackageReference section */
	};
	rootObject = 6F00ECF22C206EDE00CACC8C /* Project object */;
}
